
Microsoft Visual Studio Solution File, Format Version 12.00
# Visual Studio 2012
Project("{FAE04EC0-301F-11D3-BF4B-00C04F79EFBC}") = "GTill", "GTill\GTill.csproj", "{E36D24B4-3FB3-4337-8E19-3B08D6AC9089}"
EndProject
Global
	GlobalSection(SolutionConfigurationPlatforms) = preSolution
		Debug|Any CPU = Debug|Any CPU
		Release|Any CPU = Release|Any CPU
	EndGlobalSection
	GlobalSection(ProjectConfigurationPlatforms) = postSolution
		{E36D24B4-3FB3-4337-8E19-3B08D6AC9089}.Debug|Any CPU.ActiveCfg = Debug|Any CPU
		{E36D24B4-3FB3-4337-8E19-3B08D6AC9089}.Debug|Any CPU.Build.0 = Debug|Any CPU
		{E36D24B4-3FB3-4337-8E19-3B08D6AC9089}.Release|Any CPU.ActiveCfg = Release|Any CPU
		{E36D24B4-3FB3-4337-8E19-3B08D6AC9089}.Release|Any CPU.Build.0 = Release|Any CPU
	EndGlobalSection
	GlobalSection(SolutionProperties) = preSolution
		HideSolutionNode = FALSE
	EndGlobalSection
EndGlobal
